# This file is automatically @generated by Cargo.
# It is not intended for manual editing.
version = 4

[[package]]
name = "revault-decoder-wipe-cost"
version = "0.0.0"
dependencies = [
 "zstd-complete",
]

[[package]]
name = "twox-hash"
version = "2.1.5"
source = "registry+https://github.com/rust-lang/crates.io-index"
checksum = "86a801b3cea342a06d468c8710662aa29e5e05e4f5c0d62f00bbb7f2ad7941c2"

[[package]]
name = "zstd-complete"
version = "0.2.0"
dependencies = [
 "twox-hash",
]
